// !$*UTF8*$!
{
	archiveVersion = 1;
	classes = {
	};
	objectVersion = 55;
	objects = {

/* Begin PBXBuildFile section */
		7135A002285774C00058B454 /* AppDelegate.swift in Sources */ = {isa = PBXBuildFile; fileRef = 7135A001285774C00058B454 /* AppDelegate.swift */; };
		7135A004285774C00058B454 /* ContentView.swift in Sources */ = {isa = PBXBuildFile; fileRef = 7135A003285774C00058B454 /* ContentView.swift */; };
		7135A006285774C00058B454 /* Experience.rcproject in Sources */ = {isa = PBXBuildFile; fileRef = 7135A005285774C00058B454 /* Experience.rcproject */; };
		7135A008285774C40058B454 /* Assets.xcassets in Resources */ = {isa = PBXBuildFile; fileRef = 7135A007285774C40058B454 /* Assets.xcassets */; };
		7135A00B285774C40058B454 /* Preview Assets.xcassets in Resources */ = {isa = PBXBuildFile; fileRef = 7135A00A285774C40058B454 /* Preview Assets.xcassets */; };
		7135A01228577CD80058B454 /* GameState.swift in Sources */ = {isa = PBXBuildFile; fileRef = 7135A01128577CD80058B454 /* GameState.swift */; };
		7135A01428578AC20058B454 /* Board.swift in Sources */ = {isa = PBXBuildFile; fileRef = 7135A01328578AC20058B454 /* Board.swift */; };
		7135A01628578BEF0058B454 /* Dimensions.swift in Sources */ = {isa = PBXBuildFile; fileRef = 7135A01528578BEF0058B454 /* Dimensions.swift */; };
		7135A018285794200058B454 /* Util.swift in Sources */ = {isa = PBXBuildFile; fileRef = 7135A017285794200058B454 /* Util.swift */; };
		7135A01A2858E34C0058B454 /* ARStoryboard.storyboard in Resources */ = {isa = PBXBuildFile; fileRef = 7135A0192858E34C0058B454 /* ARStoryboard.storyboard */; };
		7135A01C2859C5B20058B454 /* Chess.swift in Sources */ = {isa = PBXBuildFile; fileRef = 7135A01B2859C5B20058B454 /* Chess.swift */; };
		7135A020285A1F870058B454 /* environment.jpg in Resources */ = {isa = PBXBuildFile; fileRef = 7135A01F285A1F870058B454 /* environment.jpg */; };
		7135A022285A4EF20058B454 /* AIv1.swift in Sources */ = {isa = PBXBuildFile; fileRef = 7135A021285A4EF20058B454 /* AIv1.swift */; };
		7135A025285F07C90058B454 /* CoreData.framework in Frameworks */ = {isa = PBXBuildFile; fileRef = 7135A024285F07C90058B454 /* CoreData.framework */; };
		7135A028285F07E30058B454 /* ARGobang.xcdatamodeld in Sources */ = {isa = PBXBuildFile; fileRef = 7135A026285F07E30058B454 /* ARGobang.xcdatamodeld */; };
/* End PBXBuildFile section */

/* Begin PBXFileReference section */
		71359FFE285774C00058B454 /* ARGobang.app */ = {isa = PBXFileReference; explicitFileType = wrapper.application; includeInIndex = 0; path = ARGobang.app; sourceTree = BUILT_PRODUCTS_DIR; };
		7135A001285774C00058B454 /* AppDelegate.swift */ = {isa = PBXFileReference; lastKnownFileType = sourcecode.swift; path = AppDelegate.swift; sourceTree = "<group>"; };
		7135A003285774C00058B454 /* ContentView.swift */ = {isa = PBXFileReference; lastKnownFileType = sourcecode.swift; path = ContentView.swift; sourceTree = "<group>"; };
		7135A005285774C00058B454 /* Experience.rcproject */ = {isa = PBXFileReference; lastKnownFileType = file.rcproject; path = Experience.rcproject; sourceTree = "<group>"; };
		7135A007285774C40058B454 /* Assets.xcassets */ = {isa = PBXFileReference; lastKnownFileType = folder.assetcatalog; path = Assets.xcassets; sourceTree = "<group>"; };
		7135A00A285774C40058B454 /* Preview Assets.xcassets */ = {isa = PBXFileReference; lastKnownFileType = folder.assetcatalog; path = "Preview Assets.xcassets"; sourceTree = "<group>"; };
		7135A01128577CD80058B454 /* GameState.swift */ = {isa = PBXFileReference; lastKnownFileType = sourcecode.swift; path = GameState.swift; sourceTree = "<group>"; };
		7135A01328578AC20058B454 /* Board.swift */ = {isa = PBXFileReference; lastKnownFileType = sourcecode.swift; path = Board.swift; sourceTree = "<group>"; };
		7135A01528578BEF0058B454 /* Dimensions.swift */ = {isa = PBXFileReference; lastKnownFileType = sourcecode.swift; path = Dimensions.swift; sourceTree = "<group>"; };
		7135A017285794200058B454 /* Util.swift */ = {isa = PBXFileReference; lastKnownFileType = sourcecode.swift; path = Util.swift; sourceTree = "<group>"; };
		7135A0192858E34C0058B454 /* ARStoryboard.storyboard */ = {isa = PBXFileReference; lastKnownFileType = file.storyboard; path = ARStoryboard.storyboard; sourceTree = "<group>"; };
		7135A01B2859C5B20058B454 /* Chess.swift */ = {isa = PBXFileReference; lastKnownFileType = sourcecode.swift; path = Chess.swift; sourceTree = "<group>"; };
		7135A01E285A1F730058B454 /* environment_blur.exr */ = {isa = PBXFileReference; lastKnownFileType = file; path = environment_blur.exr; sourceTree = "<group>"; };
		7135A01F285A1F870058B454 /* environment.jpg */ = {isa = PBXFileReference; lastKnownFileType = image.jpeg; path = environment.jpg; sourceTree = "<group>"; };
		7135A021285A4EF20058B454 /* AIv1.swift */ = {isa = PBXFileReference; lastKnownFileType = sourcecode.swift; path = AIv1.swift; sourceTree = "<group>"; };
		7135A024285F07C90058B454 /* CoreData.framework */ = {isa = PBXFileReference; lastKnownFileType = wrapper.framework; name = CoreData.framework; path = System/Library/Frameworks/CoreData.framework; sourceTree = SDKROOT; };
		7135A027285F07E30058B454 /* ARGobang.xcdatamodel */ = {isa = PBXFileReference; lastKnownFileType = wrapper.xcdatamodel; path = ARGobang.xcdatamodel; sourceTree = "<group>"; };
/* End PBXFileReference section */

/* Begin PBXFrameworksBuildPhase section */
		71359FFB285774C00058B454 /* Frameworks */ = {
			isa = PBXFrameworksBuildPhase;
			buildActionMask = 2147483647;
			files = (
				7135A025285F07C90058B454 /* CoreData.framework in Frameworks */,
			);
			runOnlyForDeploymentPostprocessing = 0;
		};
/* End PBXFrameworksBuildPhase section */

/* Begin PBXGroup section */
		71359FF5285774C00058B454 = {
			isa = PBXGroup;
			children = (
				7135A000285774C00058B454 /* ARGobang */,
				71359FFF285774C00058B454 /* Products */,
				7135A023285F07C90058B454 /* Frameworks */,
			);
			sourceTree = "<group>";
		};
		71359FFF285774C00058B454 /* Products */ = {
			isa = PBXGroup;
			children = (
				71359FFE285774C00058B454 /* ARGobang.app */,
			);
			name = Products;
			sourceTree = "<group>";
		};
		7135A000285774C00058B454 /* ARGobang */ = {
			isa = PBXGroup;
			children = (
				7135A01D285A1F340058B454 /* Asset */,
				7135A01328578AC20058B454 /* Board.swift */,
				7135A01528578BEF0058B454 /* Dimensions.swift */,
				7135A01128577CD80058B454 /* GameState.swift */,
				7135A001285774C00058B454 /* AppDelegate.swift */,
				7135A003285774C00058B454 /* ContentView.swift */,
				7135A005285774C00058B454 /* Experience.rcproject */,
				7135A007285774C40058B454 /* Assets.xcassets */,
				7135A009285774C40058B454 /* Preview Content */,
				7135A017285794200058B454 /* Util.swift */,
				7135A0192858E34C0058B454 /* ARStoryboard.storyboard */,
				7135A01B2859C5B20058B454 /* Chess.swift */,
				7135A021285A4EF20058B454 /* AIv1.swift */,
				7135A026285F07E30058B454 /* ARGobang.xcdatamodeld */,
			);
			path = ARGobang;
			sourceTree = "<group>";
		};
		7135A009285774C40058B454 /* Preview Content */ = {
			isa = PBXGroup;
			children = (
				7135A00A285774C40058B454 /* Preview Assets.xcassets */,
			);
			path = "Preview Content";
			sourceTree = "<group>";
		};
		7135A01D285A1F340058B454 /* Asset */ = {
			isa = PBXGroup;
			children = (
				7135A01E285A1F730058B454 /* environment_blur.exr */,
				7135A01F285A1F870058B454 /* environment.jpg */,
			);
			path = Asset;
			sourceTree = "<group>";
		};
		7135A023285F07C90058B454 /* Frameworks */ = {
			isa = PBXGroup;
			children = (
				7135A024285F07C90058B454 /* CoreData.framework */,
			);
			name = Frameworks;
			sourceTree = "<group>";
		};
/* End PBXGroup section */

/* Begin PBXNativeTarget section */
		71359FFD285774C00058B454 /* ARGobang */ = {
			isa = PBXNativeTarget;
			buildConfigurationList = 7135A00E285774C40058B454 /* Build configuration list for PBXNativeTarget "ARGobang" */;
			buildPhases = (
				71359FFA285774C00058B454 /* Sources */,
				71359FFB285774C00058B454 /* Frameworks */,
				71359FFC285774C00058B454 /* Resources */,
			);
			buildRules = (
			);
			dependencies = (
			);
			name = ARGobang;
			productName = ARGobang;
			productReference = 71359FFE285774C00058B454 /* ARGobang.app */;
			productType = "com.apple.product-type.application";
		};
/* End PBXNativeTarget section */

/* Begin PBXProject section */
		71359FF6285774C00058B454 /* Project object */ = {
			isa = PBXProject;
			attributes = {
				BuildIndependentTargetsInParallel = 1;
				LastSwiftUpdateCheck = 1320;
				LastUpgradeCheck = 1320;
				TargetAttributes = {
					71359FFD285774C00058B454 = {
						CreatedOnToolsVersion = 13.2.1;
					};
				};
			};
			buildConfigurationList = 71359FF9285774C00058B454 /* Build configuration list for PBXProject "ARGobang" */;
			compatibilityVersion = "Xcode 13.0";
			developmentRegion = en;
			hasScannedForEncodings = 0;
			knownRegions = (
				en,
				Base,
			);
			mainGroup = 71359FF5285774C00058B454;
			productRefGroup = 71359FFF285774C00058B454 /* Products */;
			projectDirPath = "";
			projectRoot = "";
			targets = (
				71359FFD285774C00058B454 /* ARGobang */,
			);
		};
/* End PBXProject section */

/* Begin PBXResourcesBuildPhase section */
		71359FFC285774C00058B454 /* Resources */ = {
			isa = PBXResourcesBuildPhase;
			buildActionMask = 2147483647;
			files = (
				7135A00B285774C40058B454 /* Preview Assets.xcassets in Resources */,
				7135A008285774C40058B454 /* Assets.xcassets in Resources */,
				7135A01A2858E34C0058B454 /* ARStoryboard.storyboard in Resources */,
				7135A020285A1F870058B454 /* environment.jpg in Resources */,
			);
			runOnlyForDeploymentPostprocessing = 0;
		};
/* End PBXResourcesBuildPhase section */

/* Begin PBXSourcesBuildPhase section */
		71359FFA285774C00058B454 /* Sources */ = {
			isa = PBXSourcesBuildPhase;
			buildActionMask = 2147483647;
			files = (
				7135A028285F07E30058B454 /* ARGobang.xcdatamodeld in Sources */,
				7135A004285774C00058B454 /* ContentView.swift in Sources */,
				7135A01228577CD80058B454 /* GameState.swift in Sources */,
				7135A01628578BEF0058B454 /* Dimensions.swift in Sources */,
				7135A01428578AC20058B454 /* Board.swift in Sources */,
				7135A01C2859C5B20058B454 /* Chess.swift in Sources */,
				7135A018285794200058B454 /* Util.swift in Sources */,
				7135A002285774C00058B454 /* AppDelegate.swift in Sources */,
				7135A006285774C00058B454 /* Experience.rcproject in Sources */,
				7135A022285A4EF20058B454 /* AIv1.swift in Sources */,
			);
			runOnlyForDeploymentPostprocessing = 0;
		};
/* End PBXSourcesBuildPhase section */

/* Begin XCBuildConfiguration section */
		7135A00C285774C40058B454 /* Debug */ = {
			isa = XCBuildConfiguration;
			buildSettings = {
				ALWAYS_SEARCH_USER_PATHS = NO;
				CLANG_ANALYZER_NONNULL = YES;
				CLANG_ANALYZER_NUMBER_OBJECT_CONVERSION = YES_AGGRESSIVE;
				CLANG_CXX_LANGUAGE_STANDARD = "gnu++17";
				CLANG_CXX_LIBRARY = "libc++";
				CLANG_ENABLE_MODULES = YES;
				CLANG_ENABLE_OBJC_ARC = YES;
				CLANG_ENABLE_OBJC_WEAK = YES;
				CLANG_WARN_BLOCK_CAPTURE_AUTORELEASING = YES;
				CLANG_WARN_BOOL_CONVERSION = YES;
				CLANG_WARN_COMMA = YES;
				CLANG_WARN_CONSTANT_CONVERSION = YES;
				CLANG_WARN_DEPRECATED_OBJC_IMPLEMENTATIONS = YES;
				CLANG_WARN_DIRECT_OBJC_ISA_USAGE = YES_ERROR;
				CLANG_WARN_DOCUMENTATION_COMMENTS = YES;
				CLANG_WARN_EMPTY_BODY = YES;
				CLANG_WARN_ENUM_CONVERSION = YES;
				CLANG_WARN_INFINITE_RECURSION = YES;
				CLANG_WARN_INT_CONVERSION = YES;
				CLANG_WARN_NON_LITERAL_NULL_CONVERSION = YES;
				CLANG_WARN_OBJC_IMPLICIT_RETAIN_SELF = YES;
				CLANG_WARN_OBJC_LITERAL_CONVERSION = YES;
				CLANG_WARN_OBJC_ROOT_CLASS = YES_ERROR;
				CLANG_WARN_QUOTED_INCLUDE_IN_FRAMEWORK_HEADER = YES;
				CLANG_WARN_RANGE_LOOP_ANALYSIS = YES;
				CLANG_WARN_STRICT_PROTOTYPES = YES;
				CLANG_WARN_SUSPICIOUS_MOVE = YES;
				CLANG_WARN_UNGUARDED_AVAILABILITY = YES_AGGRESSIVE;
				CLANG_WARN_UNREACHABLE_CODE = YES;
				CLANG_WARN__DUPLICATE_METHOD_MATCH = YES;
				COPY_PHASE_STRIP = NO;
				DEBUG_INFORMATION_FORMAT = dwarf;
				ENABLE_STRICT_OBJC_MSGSEND = YES;
				ENABLE_TESTABILITY = YES;
				GCC_C_LANGUAGE_STANDARD = gnu11;
				GCC_DYNAMIC_NO_PIC = NO;
				GCC_NO_COMMON_BLOCKS = YES;
				GCC_OPTIMIZATION_LEVEL = 0;
				GCC_PREPROCESSOR_DEFINITIONS = (
					"DEBUG=1",
					"$(inherited)",
				);
				GCC_WARN_64_TO_32_BIT_CONVERSION = YES;
				GCC_WARN_ABOUT_RETURN_TYPE = YES_ERROR;
				GCC_WARN_UNDECLARED_SELECTOR = YES;
				GCC_WARN_UNINITIALIZED_AUTOS = YES_AGGRESSIVE;
				GCC_WARN_UNUSED_FUNCTION = YES;
				GCC_WARN_UNUSED_VARIABLE = YES;
				IPHONEOS_DEPLOYMENT_TARGET = 15.2;
				MTL_ENABLE_DEBUG_INFO = INCLUDE_SOURCE;
				MTL_FAST_MATH = YES;
				ONLY_ACTIVE_ARCH = YES;
				SDKROOT = iphoneos;
				SWIFT_ACTIVE_COMPILATION_CONDITIONS = DEBUG;
				SWIFT_OPTIMIZATION_LEVEL = "-Onone";
			};
			name = Debug;
		};
		7135A00D285774C40058B454 /* Release */ = {
			isa = XCBuildConfiguration;
			buildSettings = {
				ALWAYS_SEARCH_USER_PATHS = NO;
				CLANG_ANALYZER_NONNULL = YES;
				CLANG_ANALYZER_NUMBER_OBJECT_CONVERSION = YES_AGGRESSIVE;
				CLANG_CXX_LANGUAGE_STANDARD = "gnu++17";
				CLANG_CXX_LIBRARY = "libc++";
				CLANG_ENABLE_MODULES = YES;
				CLANG_ENABLE_OBJC_ARC = YES;
				CLANG_ENABLE_OBJC_WEAK = YES;
				CLANG_WARN_BLOCK_CAPTURE_AUTORELEASING = YES;
				CLANG_WARN_BOOL_CONVERSION = YES;
				CLANG_WARN_COMMA = YES;
				CLANG_WARN_CONSTANT_CONVERSION = YES;
				CLANG_WARN_DEPRECATED_OBJC_IMPLEMENTATIONS = YES;
				CLANG_WARN_DIRECT_OBJC_ISA_USAGE = YES_ERROR;
				CLANG_WARN_DOCUMENTATION_COMMENTS = YES;
				CLANG_WARN_EMPTY_BODY = YES;
				CLANG_WARN_ENUM_CONVERSION = YES;
				CLANG_WARN_INFINITE_RECURSION = YES;
				CLANG_WARN_INT_CONVERSION = YES;
				CLANG_WARN_NON_LITERAL_NULL_CONVERSION = YES;
				CLANG_WARN_OBJC_IMPLICIT_RETAIN_SELF = YES;
				CLANG_WARN_OBJC_LITERAL_CONVERSION = YES;
				CLANG_WARN_OBJC_ROOT_CLASS = YES_ERROR;
				CLANG_WARN_QUOTED_INCLUDE_IN_FRAMEWORK_HEADER = YES;
				CLANG_WARN_RANGE_LOOP_ANALYSIS = YES;
				CLANG_WARN_STRICT_PROTOTYPES = YES;
				CLANG_WARN_SUSPICIOUS_MOVE = YES;
				CLANG_WARN_UNGUARDED_AVAILABILITY = YES_AGGRESSIVE;
				CLANG_WARN_UNREACHABLE_CODE = YES;
				CLANG_WARN__DUPLICATE_METHOD_MATCH = YES;
				COPY_PHASE_STRIP = NO;
				DEBUG_INFORMATION_FORMAT = "dwarf-with-dsym";
				ENABLE_NS_ASSERTIONS = NO;
				ENABLE_STRICT_OBJC_MSGSEND = YES;
				GCC_C_LANGUAGE_STANDARD = gnu11;
				GCC_NO_COMMON_BLOCKS = YES;
				GCC_WARN_64_TO_32_BIT_CONVERSION = YES;
				GCC_WARN_ABOUT_RETURN_TYPE = YES_ERROR;
				GCC_WARN_UNDECLARED_SELECTOR = YES;
				GCC_WARN_UNINITIALIZED_AUTOS = YES_AGGRESSIVE;
				GCC_WARN_UNUSED_FUNCTION = YES;
				GCC_WARN_UNUSED_VARIABLE = YES;
				IPHONEOS_DEPLOYMENT_TARGET = 15.2;
				MTL_ENABLE_DEBUG_INFO = NO;
				MTL_FAST_MATH = YES;
				SDKROOT = iphoneos;
				SWIFT_COMPILATION_MODE = wholemodule;
				SWIFT_OPTIMIZATION_LEVEL = "-O";
				VALIDATE_PRODUCT = YES;
			};
			name = Release;
		};
		7135A00F285774C40058B454 /* Debug */ = {
			isa = XCBuildConfiguration;
			buildSettings = {
				ASSETCATALOG_COMPILER_APPICON_NAME = AppIcon;
				ASSETCATALOG_COMPILER_GLOBAL_ACCENT_COLOR_NAME = AccentColor;
				CODE_SIGN_STYLE = Automatic;
				CURRENT_PROJECT_VERSION = 1;
				DEVELOPMENT_ASSET_PATHS = "\"ARGobang/Preview Content\"";
				DEVELOPMENT_TEAM = X922A69RQ8;
				ENABLE_PREVIEWS = YES;
				GENERATE_INFOPLIST_FILE = YES;
				INFOPLIST_KEY_NSCameraUsageDescription = "";
				INFOPLIST_KEY_UIApplicationSupportsIndirectInputEvents = YES;
				INFOPLIST_KEY_UILaunchScreen_Generation = YES;
				INFOPLIST_KEY_UIRequiredDeviceCapabilities = arkit;
				INFOPLIST_KEY_UIStatusBarHidden = YES;
				INFOPLIST_KEY_UISupportedInterfaceOrientations_iPad = "UIInterfaceOrientationPortrait UIInterfaceOrientationPortraitUpsideDown UIInterfaceOrientationLandscapeLeft UIInterfaceOrientationLandscapeRight";
				INFOPLIST_KEY_UISupportedInterfaceOrientations_iPhone = "UIInterfaceOrientationPortrait UIInterfaceOrientationLandscapeLeft UIInterfaceOrientationLandscapeRight";
				LD_RUNPATH_SEARCH_PATHS = (
					"$(inherited)",
					"@executable_path/Frameworks",
				);
				MARKETING_VERSION = 1.0;
				PRODUCT_BUNDLE_IDENTIFIER = "cn.edu.zju-3180101725.ARGobang";
				PRODUCT_NAME = "$(TARGET_NAME)";
				SWIFT_EMIT_LOC_STRINGS = YES;
				SWIFT_VERSION = 5.0;
				TARGETED_DEVICE_FAMILY = "1,2";
			};
			name = Debug;
		};
		7135A010285774C40058B454 /* Release */ = {
			isa = XCBuildConfiguration;
			buildSettings = {
				ASSETCATALOG_COMPILER_APPICON_NAME = AppIcon;
				ASSETCATALOG_COMPILER_GLOBAL_ACCENT_COLOR_NAME = AccentColor;
				CODE_SIGN_STYLE = Automatic;
				CURRENT_PROJECT_VERSION = 1;
				DEVELOPMENT_ASSET_PATHS = "\"ARGobang/Preview Content\"";
				DEVELOPMENT_TEAM = X922A69RQ8;
				ENABLE_PREVIEWS = YES;
				GENERATE_INFOPLIST_FILE = YES;
				INFOPLIST_KEY_NSCameraUsageDescription = "";
				INFOPLIST_KEY_UIApplicationSupportsIndirectInputEvents = YES;
				INFOPLIST_KEY_UILaunchScreen_Generation = YES;
				INFOPLIST_KEY_UIRequiredDeviceCapabilities = arkit;
				INFOPLIST_KEY_UIStatusBarHidden = YES;
				INFOPLIST_KEY_UISupportedInterfaceOrientations_iPad = "UIInterfaceOrientationPortrait UIInterfaceOrientationPortraitUpsideDown UIInterfaceOrientationLandscapeLeft UIInterfaceOrientationLandscapeRight";
				INFOPLIST_KEY_UISupportedInterfaceOrientations_iPhone = "UIInterfaceOrientationPortrait UIInterfaceOrientationLandscapeLeft UIInterfaceOrientationLandscapeRight";
				LD_RUNPATH_SEARCH_PATHS = (
					"$(inherited)",
					"@executable_path/Frameworks",
				);
				MARKETING_VERSION = 1.0;
				PRODUCT_BUNDLE_IDENTIFIER = "cn.edu.zju-3180101725.ARGobang";
				PRODUCT_NAME = "$(TARGET_NAME)";
				SWIFT_EMIT_LOC_STRINGS = YES;
				SWIFT_VERSION = 5.0;
				TARGETED_DEVICE_FAMILY = "1,2";
			};
			name = Release;
		};
/* End XCBuildConfiguration section */

/* Begin XCConfigurationList section */
		71359FF9285774C00058B454 /* Build configuration list for PBXProject "ARGobang" */ = {
			isa = XCConfigurationList;
			buildConfigurations = (
				7135A00C285774C40058B454 /* Debug */,
				7135A00D285774C40058B454 /* Release */,
			);
			defaultConfigurationIsVisible = 0;
			defaultConfigurationName = Release;
		};
		7135A00E285774C40058B454 /* Build configuration list for PBXNativeTarget "ARGobang" */ = {
			isa = XCConfigurationList;
			buildConfigurations = (
				7135A00F285774C40058B454 /* Debug */,
				7135A010285774C40058B454 /* Release */,
			);
			defaultConfigurationIsVisible = 0;
			defaultConfigurationName = Release;
		};
/* End XCConfigurationList section */

/* Begin XCVersionGroup section */
		7135A026285F07E30058B454 /* ARGobang.xcdatamodeld */ = {
			isa = XCVersionGroup;
			children = (
				7135A027285F07E30058B454 /* ARGobang.xcdatamodel */,
			);
			currentVersion = 7135A027285F07E30058B454 /* ARGobang.xcdatamodel */;
			path = ARGobang.xcdatamodeld;
			sourceTree = "<group>";
			versionGroupType = wrapper.xcdatamodel;
		};
/* End XCVersionGroup section */
	};
	rootObject = 71359FF6285774C00058B454 /* Project object */;
}
